
Microsoft Visual Studio Solution File, Format Version 12.00
# Visual Studio Version 16
VisualStudioVersion = 25.0.1706.4
MinimumVisualStudioVersion = 10.0.40219.1
Project("{FAE04EC0-301F-11D3-BF4B-00C04F79EFBC}") = "Api", "Api.csproj", "{FBBA60E8-280E-4623-A671-F59FFBD0ACFC}"
EndProject
Project("{FAE04EC0-301F-11D3-BF4B-00C04F79EFBC}") = "Api.UnitTest", "..\Api.UnitTest\Api.UnitTest.csproj", "{DEDB0BFC-997C-43D1-A257-EA3662E4CB71}"
EndProject
Project("{FAE04EC0-301F-11D3-BF4B-00C04F79EFBC}") = "Api.IntegrationTest", "..\Api.IntegrationTest\Api.IntegrationTest.csproj", "{85582662-D349-4784-A532-6A82983AD3F0}"
EndProject
Global
	GlobalSection(SolutionConfigurationPlatforms) = preSolution
		Debug|Any CPU = Debug|Any CPU
		Release|Any CPU = Release|Any CPU
	EndGlobalSection
	GlobalSection(ProjectConfigurationPlatforms) = postSolution
		{FBBA60E8-280E-4623-A671-F59FFBD0ACFC}.Debug|Any CPU.ActiveCfg = Debug|Any CPU
		{FBBA60E8-280E-4623-A671-F59FFBD0ACFC}.Debug|Any CPU.Build.0 = Debug|Any CPU
		{FBBA60E8-280E-4623-A671-F59FFBD0ACFC}.Release|Any CPU.ActiveCfg = Release|Any CPU
		{FBBA60E8-280E-4623-A671-F59FFBD0ACFC}.Release|Any CPU.Build.0 = Release|Any CPU
		{DEDB0BFC-997C-43D1-A257-EA3662E4CB71}.Debug|Any CPU.ActiveCfg = Debug|Any CPU
		{DEDB0BFC-997C-43D1-A257-EA3662E4CB71}.Debug|Any CPU.Build.0 = Debug|Any CPU
		{DEDB0BFC-997C-43D1-A257-EA3662E4CB71}.Release|Any CPU.ActiveCfg = Release|Any CPU
		{DEDB0BFC-997C-43D1-A257-EA3662E4CB71}.Release|Any CPU.Build.0 = Release|Any CPU
		{85582662-D349-4784-A532-6A82983AD3F0}.Debug|Any CPU.ActiveCfg = Debug|Any CPU
		{85582662-D349-4784-A532-6A82983AD3F0}.Debug|Any CPU.Build.0 = Debug|Any CPU
		{85582662-D349-4784-A532-6A82983AD3F0}.Release|Any CPU.ActiveCfg = Release|Any CPU
		{85582662-D349-4784-A532-6A82983AD3F0}.Release|Any CPU.Build.0 = Release|Any CPU
	EndGlobalSection
	GlobalSection(SolutionProperties) = preSolution
		HideSolutionNode = FALSE
	EndGlobalSection
	GlobalSection(ExtensibilityGlobals) = postSolution
		SolutionGuid = {84A32AB4-D3C0-4E11-929F-AD9AC805FA9C}
	EndGlobalSection
EndGlobal
